
Microsoft Visual Studio Solution File, Format Version 12.00
# Visual Studio Version 17
VisualStudioVersion = 17.3.32901.215
MinimumVisualStudioVersion = 10.0.40219.1
Project("{FAE04EC0-301F-11D3-BF4B-00C04F79EFBC}") = "BackendInnovation", "BackendInnovation.csproj", "{D7FAB0D2-4A2E-4D3A-8BBE-33C679262FDE}"
EndProject
Global
	GlobalSection(SolutionConfigurationPlatforms) = preSolution
		Debug|Any CPU = Debug|Any CPU
		Release|Any CPU = Release|Any CPU
	EndGlobalSection
	GlobalSection(ProjectConfigurationPlatforms) = postSolution
		{D7FAB0D2-4A2E-4D3A-8BBE-33C679262FDE}.Debug|Any CPU.ActiveCfg = Debug|Any CPU
		{D7FAB0D2-4A2E-4D3A-8BBE-33C679262FDE}.Debug|Any CPU.Build.0 = Debug|Any CPU
		{D7FAB0D2-4A2E-4D3A-8BBE-33C679262FDE}.Release|Any CPU.ActiveCfg = Release|Any CPU
		{D7FAB0D2-4A2E-4D3A-8BBE-33C679262FDE}.Release|Any CPU.Build.0 = Release|Any CPU
	EndGlobalSection
	GlobalSection(SolutionProperties) = preSolution
		HideSolutionNode = FALSE
	EndGlobalSection
	GlobalSection(ExtensibilityGlobals) = postSolution
		SolutionGuid = {A191AF56-44A8-4D1A-BD46-FB232A429578}
	EndGlobalSection
EndGlobal
